
Microsoft Visual Studio Solution File, Format Version 12.00
# Visual Studio Version 17
VisualStudioVersion = 17.10.34916.146
MinimumVisualStudioVersion = 10.0.40219.1
Project("{FAE04EC0-301F-11D3-BF4B-00C04F79EFBC}") = "StudentManagement.API", "StudentManagement.API\StudentManagement.API.csproj", "{0443CF93-3DEA-4FD5-96B7-668485C41541}"
EndProject
Global
	GlobalSection(SolutionConfigurationPlatforms) = preSolution
		Debug|Any CPU = Debug|Any CPU
		Release|Any CPU = Release|Any CPU
	EndGlobalSection
	GlobalSection(ProjectConfigurationPlatforms) = postSolution
		{0443CF93-3DEA-4FD5-96B7-668485C41541}.Debug|Any CPU.ActiveCfg = Debug|Any CPU
		{0443CF93-3DEA-4FD5-96B7-668485C41541}.Debug|Any CPU.Build.0 = Debug|Any CPU
		{0443CF93-3DEA-4FD5-96B7-668485C41541}.Release|Any CPU.ActiveCfg = Release|Any CPU
		{0443CF93-3DEA-4FD5-96B7-668485C41541}.Release|Any CPU.Build.0 = Release|Any CPU
	EndGlobalSection
	GlobalSection(SolutionProperties) = preSolution
		HideSolutionNode = FALSE
	EndGlobalSection
	GlobalSection(ExtensibilityGlobals) = postSolution
		SolutionGuid = {EE704999-0A3F-40A0-BA32-7111DBE07183}
	EndGlobalSection
EndGlobal
